
Microsoft Visual Studio Solution File, Format Version 12.00
# Visual Studio 2012
Project("{8BC9CEB8-8B4A-11D0-8D11-00A0C91BC942}") = "chapter7", "chapter7\chapter7.vcxproj", "{FB64F64B-0EE6-48BA-99C2-7466A4A0B89B}"
EndProject
Global
	GlobalSection(SolutionConfigurationPlatforms) = preSolution
		Debug|Win32 = Debug|Win32
		Release|Win32 = Release|Win32
	EndGlobalSection
	GlobalSection(ProjectConfigurationPlatforms) = postSolution
		{FB64F64B-0EE6-48BA-99C2-7466A4A0B89B}.Debug|Win32.ActiveCfg = Debug|Win32
		{FB64F64B-0EE6-48BA-99C2-7466A4A0B89B}.Debug|Win32.Build.0 = Debug|Win32
		{FB64F64B-0EE6-48BA-99C2-7466A4A0B89B}.Release|Win32.ActiveCfg = Release|Win32
		{FB64F64B-0EE6-48BA-99C2-7466A4A0B89B}.Release|Win32.Build.0 = Release|Win32
	EndGlobalSection
	GlobalSection(SolutionProperties) = preSolution
		HideSolutionNode = FALSE
	EndGlobalSection
EndGlobal
